
Microsoft Visual Studio Solution File, Format Version 12.00
# Visual Studio Version 17
VisualStudioVersion = 17.14.36414.22
MinimumVisualStudioVersion = 10.0.40219.1
Project("{FAE04EC0-301F-11D3-BF4B-00C04F79EFBC}") = "GreenConnectPlatform.Api", "GreenConnectPlatform.Api\GreenConnectPlatform.Api.csproj", "{EC21EC0A-853F-4076-B4AF-E161AB81FD92}"
EndProject
Project("{FAE04EC0-301F-11D3-BF4B-00C04F79EFBC}") = "GreenConnectPlatform.Data", "GreenConnectPlatform.Data\GreenConnectPlatform.Data.csproj", "{A9AFDC4C-9B7D-4760-8783-AA4243C3A0C1}"
EndProject
Project("{FAE04EC0-301F-11D3-BF4B-00C04F79EFBC}") = "GreenConnectPlatform.Business", "GreenConnectPlatform.Business\GreenConnectPlatform.Business.csproj", "{F591E0CD-3025-4B97-8223-D121B49BAC09}"
EndProject
Project("{FAE04EC0-301F-11D3-BF4B-00C04F79EFBC}") = "GreenConnectPlatform.Tests", "GreenConnectPlatform.Tests\GreenConnectPlatform.Tests.csproj", "{2835B9B1-8583-42D4-9C5A-4E8EE513CDFA}"
EndProject
Global
	GlobalSection(SolutionConfigurationPlatforms) = preSolution
		Debug|Any CPU = Debug|Any CPU
		Debug|x64 = Debug|x64
		Debug|x86 = Debug|x86
		Release|Any CPU = Release|Any CPU
		Release|x64 = Release|x64
		Release|x86 = Release|x86
	EndGlobalSection
	GlobalSection(ProjectConfigurationPlatforms) = postSolution
		{EC21EC0A-853F-4076-B4AF-E161AB81FD92}.Debug|Any CPU.ActiveCfg = Debug|Any CPU
		{EC21EC0A-853F-4076-B4AF-E161AB81FD92}.Debug|Any CPU.Build.0 = Debug|Any CPU
		{EC21EC0A-853F-4076-B4AF-E161AB81FD92}.Debug|x64.ActiveCfg = Debug|Any CPU
		{EC21EC0A-853F-4076-B4AF-E161AB81FD92}.Debug|x64.Build.0 = Debug|Any CPU
		{EC21EC0A-853F-4076-B4AF-E161AB81FD92}.Debug|x86.ActiveCfg = Debug|Any CPU
		{EC21EC0A-853F-4076-B4AF-E161AB81FD92}.Debug|x86.Build.0 = Debug|Any CPU
		{EC21EC0A-853F-4076-B4AF-E161AB81FD92}.Release|Any CPU.ActiveCfg = Release|Any CPU
		{EC21EC0A-853F-4076-B4AF-E161AB81FD92}.Release|Any CPU.Build.0 = Release|Any CPU
		{EC21EC0A-853F-4076-B4AF-E161AB81FD92}.Release|x64.ActiveCfg = Release|Any CPU
		{EC21EC0A-853F-4076-B4AF-E161AB81FD92}.Release|x64.Build.0 = Release|Any CPU
		{EC21EC0A-853F-4076-B4AF-E161AB81FD92}.Release|x86.ActiveCfg = Release|Any CPU
		{EC21EC0A-853F-4076-B4AF-E161AB81FD92}.Release|x86.Build.0 = Release|Any CPU
		{A9AFDC4C-9B7D-4760-8783-AA4243C3A0C1}.Debug|Any CPU.ActiveCfg = Debug|Any CPU
		{A9AFDC4C-9B7D-4760-8783-AA4243C3A0C1}.Debug|Any CPU.Build.0 = Debug|Any CPU
		{A9AFDC4C-9B7D-4760-8783-AA4243C3A0C1}.Debug|x64.ActiveCfg = Debug|Any CPU
		{A9AFDC4C-9B7D-4760-8783-AA4243C3A0C1}.Debug|x64.Build.0 = Debug|Any CPU
		{A9AFDC4C-9B7D-4760-8783-AA4243C3A0C1}.Debug|x86.ActiveCfg = Debug|Any CPU
		{A9AFDC4C-9B7D-4760-8783-AA4243C3A0C1}.Debug|x86.Build.0 = Debug|Any CPU
		{A9AFDC4C-9B7D-4760-8783-AA4243C3A0C1}.Release|Any CPU.ActiveCfg = Release|Any CPU
		{A9AFDC4C-9B7D-4760-8783-AA4243C3A0C1}.Release|Any CPU.Build.0 = Release|Any CPU
		{A9AFDC4C-9B7D-4760-8783-AA4243C3A0C1}.Release|x64.ActiveCfg = Release|Any CPU
		{A9AFDC4C-9B7D-4760-8783-AA4243C3A0C1}.Release|x64.Build.0 = Release|Any CPU
		{A9AFDC4C-9B7D-4760-8783-AA4243C3A0C1}.Release|x86.ActiveCfg = Release|Any CPU
		{A9AFDC4C-9B7D-4760-8783-AA4243C3A0C1}.Release|x86.Build.0 = Release|Any CPU
		{F591E0CD-3025-4B97-8223-D121B49BAC09}.Debug|Any CPU.ActiveCfg = Debug|Any CPU
		{F591E0CD-3025-4B97-8223-D121B49BAC09}.Debug|Any CPU.Build.0 = Debug|Any CPU
		{F591E0CD-3025-4B97-8223-D121B49BAC09}.Debug|x64.ActiveCfg = Debug|Any CPU
		{F591E0CD-3025-4B97-8223-D121B49BAC09}.Debug|x64.Build.0 = Debug|Any CPU
		{F591E0CD-3025-4B97-8223-D121B49BAC09}.Debug|x86.ActiveCfg = Debug|Any CPU
		{F591E0CD-3025-4B97-8223-D121B49BAC09}.Debug|x86.Build.0 = Debug|Any CPU
		{F591E0CD-3025-4B97-8223-D121B49BAC09}.Release|Any CPU.ActiveCfg = Release|Any CPU
		{F591E0CD-3025-4B97-8223-D121B49BAC09}.Release|Any CPU.Build.0 = Release|Any CPU
		{F591E0CD-3025-4B97-8223-D121B49BAC09}.Release|x64.ActiveCfg = Release|Any CPU
		{F591E0CD-3025-4B97-8223-D121B49BAC09}.Release|x64.Build.0 = Release|Any CPU
		{F591E0CD-3025-4B97-8223-D121B49BAC09}.Release|x86.ActiveCfg = Release|Any CPU
		{F591E0CD-3025-4B97-8223-D121B49BAC09}.Release|x86.Build.0 = Release|Any CPU
		{2835B9B1-8583-42D4-9C5A-4E8EE513CDFA}.Debug|Any CPU.ActiveCfg = Debug|Any CPU
		{2835B9B1-8583-42D4-9C5A-4E8EE513CDFA}.Debug|Any CPU.Build.0 = Debug|Any CPU
		{2835B9B1-8583-42D4-9C5A-4E8EE513CDFA}.Debug|x64.ActiveCfg = Debug|Any CPU
		{2835B9B1-8583-42D4-9C5A-4E8EE513CDFA}.Debug|x64.Build.0 = Debug|Any CPU
		{2835B9B1-8583-42D4-9C5A-4E8EE513CDFA}.Debug|x86.ActiveCfg = Debug|Any CPU
		{2835B9B1-8583-42D4-9C5A-4E8EE513CDFA}.Debug|x86.Build.0 = Debug|Any CPU
		{2835B9B1-8583-42D4-9C5A-4E8EE513CDFA}.Release|Any CPU.ActiveCfg = Release|Any CPU
		{2835B9B1-8583-42D4-9C5A-4E8EE513CDFA}.Release|Any CPU.Build.0 = Release|Any CPU
		{2835B9B1-8583-42D4-9C5A-4E8EE513CDFA}.Release|x64.ActiveCfg = Release|Any CPU
		{2835B9B1-8583-42D4-9C5A-4E8EE513CDFA}.Release|x64.Build.0 = Release|Any CPU
		{2835B9B1-8583-42D4-9C5A-4E8EE513CDFA}.Release|x86.ActiveCfg = Release|Any CPU
		{2835B9B1-8583-42D4-9C5A-4E8EE513CDFA}.Release|x86.Build.0 = Release|Any CPU
	EndGlobalSection
	GlobalSection(SolutionProperties) = preSolution
		HideSolutionNode = FALSE
	EndGlobalSection
	GlobalSection(ExtensibilityGlobals) = postSolution
		SolutionGuid = {B28367C7-BD0C-4A0C-98E3-1895A75E2578}
	EndGlobalSection
EndGlobal
